
Microsoft Visual Studio Solution File, Format Version 12.00
# Visual Studio Version 17
VisualStudioVersion = 17.4.33213.308
MinimumVisualStudioVersion = 10.0.40219.1
Project("{FAE04EC0-301F-11D3-BF4B-00C04F79EFBC}") = "EstudoArray", "EstudoArray\EstudoArray.csproj", "{096E7EE1-6222-4F84-897F-DF98328DB92E}"
EndProject
Global
	GlobalSection(SolutionConfigurationPlatforms) = preSolution
		Debug|Any CPU = Debug|Any CPU
		Release|Any CPU = Release|Any CPU
	EndGlobalSection
	GlobalSection(ProjectConfigurationPlatforms) = postSolution
		{096E7EE1-6222-4F84-897F-DF98328DB92E}.Debug|Any CPU.ActiveCfg = Debug|Any CPU
		{096E7EE1-6222-4F84-897F-DF98328DB92E}.Debug|Any CPU.Build.0 = Debug|Any CPU
		{096E7EE1-6222-4F84-897F-DF98328DB92E}.Release|Any CPU.ActiveCfg = Release|Any CPU
		{096E7EE1-6222-4F84-897F-DF98328DB92E}.Release|Any CPU.Build.0 = Release|Any CPU
	EndGlobalSection
	GlobalSection(SolutionProperties) = preSolution
		HideSolutionNode = FALSE
	EndGlobalSection
	GlobalSection(ExtensibilityGlobals) = postSolution
		SolutionGuid = {61265C62-5801-43C0-A3F6-900FF380EA41}
	EndGlobalSection
EndGlobal
