
Microsoft Visual Studio Solution File, Format Version 12.00
# Visual Studio Version 17
VisualStudioVersion = 17.4.33213.308
MinimumVisualStudioVersion = 10.0.40219.1
Project("{FAE04EC0-301F-11D3-BF4B-00C04F79EFBC}") = "ExerciciosEnum", "ExerciciosEnum\ExerciciosEnum.csproj", "{ED25FB34-288E-4E40-AE30-C5B03538CEBB}"
EndProject
Global
	GlobalSection(SolutionConfigurationPlatforms) = preSolution
		Debug|Any CPU = Debug|Any CPU
		Release|Any CPU = Release|Any CPU
	EndGlobalSection
	GlobalSection(ProjectConfigurationPlatforms) = postSolution
		{ED25FB34-288E-4E40-AE30-C5B03538CEBB}.Debug|Any CPU.ActiveCfg = Debug|Any CPU
		{ED25FB34-288E-4E40-AE30-C5B03538CEBB}.Debug|Any CPU.Build.0 = Debug|Any CPU
		{ED25FB34-288E-4E40-AE30-C5B03538CEBB}.Release|Any CPU.ActiveCfg = Release|Any CPU
		{ED25FB34-288E-4E40-AE30-C5B03538CEBB}.Release|Any CPU.Build.0 = Release|Any CPU
	EndGlobalSection
	GlobalSection(SolutionProperties) = preSolution
		HideSolutionNode = FALSE
	EndGlobalSection
	GlobalSection(ExtensibilityGlobals) = postSolution
		SolutionGuid = {7FA3AAA1-06AB-4419-8765-C737F2D0A762}
	EndGlobalSection
EndGlobal
