
Microsoft Visual Studio Solution File, Format Version 12.00
# Visual Studio Version 17
VisualStudioVersion = 17.4.33213.308
MinimumVisualStudioVersion = 10.0.40219.1
Project("{FAE04EC0-301F-11D3-BF4B-00C04F79EFBC}") = "CourseSB", "CourseSB\CourseSB.csproj", "{8F0F70AD-C625-4C35-AB7E-9661E406BD3D}"
EndProject
Global
	GlobalSection(SolutionConfigurationPlatforms) = preSolution
		Debug|Any CPU = Debug|Any CPU
		Release|Any CPU = Release|Any CPU
	EndGlobalSection
	GlobalSection(ProjectConfigurationPlatforms) = postSolution
		{8F0F70AD-C625-4C35-AB7E-9661E406BD3D}.Debug|Any CPU.ActiveCfg = Debug|Any CPU
		{8F0F70AD-C625-4C35-AB7E-9661E406BD3D}.Debug|Any CPU.Build.0 = Debug|Any CPU
		{8F0F70AD-C625-4C35-AB7E-9661E406BD3D}.Release|Any CPU.ActiveCfg = Release|Any CPU
		{8F0F70AD-C625-4C35-AB7E-9661E406BD3D}.Release|Any CPU.Build.0 = Release|Any CPU
	EndGlobalSection
	GlobalSection(SolutionProperties) = preSolution
		HideSolutionNode = FALSE
	EndGlobalSection
	GlobalSection(ExtensibilityGlobals) = postSolution
		SolutionGuid = {32026FCC-8A76-477A-A266-A8222F74D700}
	EndGlobalSection
EndGlobal
