
Microsoft Visual Studio Solution File, Format Version 12.00
# Visual Studio Version 17
VisualStudioVersion = 17.4.33213.308
MinimumVisualStudioVersion = 10.0.40219.1
Project("{FAE04EC0-301F-11D3-BF4B-00C04F79EFBC}") = "Matrizes", "Matrizes\Matrizes.csproj", "{C84FE78D-D025-4191-8DA2-B2E9EDA0EEE4}"
EndProject
Global
	GlobalSection(SolutionConfigurationPlatforms) = preSolution
		Debug|Any CPU = Debug|Any CPU
		Release|Any CPU = Release|Any CPU
	EndGlobalSection
	GlobalSection(ProjectConfigurationPlatforms) = postSolution
		{C84FE78D-D025-4191-8DA2-B2E9EDA0EEE4}.Debug|Any CPU.ActiveCfg = Debug|Any CPU
		{C84FE78D-D025-4191-8DA2-B2E9EDA0EEE4}.Debug|Any CPU.Build.0 = Debug|Any CPU
		{C84FE78D-D025-4191-8DA2-B2E9EDA0EEE4}.Release|Any CPU.ActiveCfg = Release|Any CPU
		{C84FE78D-D025-4191-8DA2-B2E9EDA0EEE4}.Release|Any CPU.Build.0 = Release|Any CPU
	EndGlobalSection
	GlobalSection(SolutionProperties) = preSolution
		HideSolutionNode = FALSE
	EndGlobalSection
	GlobalSection(ExtensibilityGlobals) = postSolution
		SolutionGuid = {CF92E6A3-0DB7-49B3-BE18-9A031A2EF72B}
	EndGlobalSection
EndGlobal
